// !$*UTF8*$!
{
	archiveVersion = 1;
	classes = {
	};
	objectVersion = 56;
	objects = {

/* Begin PBXBuildFile section */
		53E968F02C9E30970018CAA6 /* PontoAppApp.swift in Sources */ = {isa = PBXBuildFile; fileRef = 53E968EF2C9E30970018CAA6 /* PontoAppApp.swift */; };
		53E968F22C9E30970018CAA6 /* ContentView.swift in Sources */ = {isa = PBXBuildFile; fileRef = 53E968F12C9E30970018CAA6 /* ContentView.swift */; };
		53E968F42C9E30990018CAA6 /* Assets.xcassets in Resources */ = {isa = PBXBuildFile; fileRef = 53E968F32C9E30990018CAA6 /* Assets.xcassets */; };
		53E968F72C9E30990018CAA6 /* Preview Assets.xcassets in Resources */ = {isa = PBXBuildFile; fileRef = 53E968F62C9E30990018CAA6 /* Preview Assets.xcassets */; };
		53E969012C9E30990018CAA6 /* PontoAppTests.swift in Sources */ = {isa = PBXBuildFile; fileRef = 53E969002C9E30990018CAA6 /* PontoAppTests.swift */; };
		53E9690B2C9E30990018CAA6 /* PontoAppUITests.swift in Sources */ = {isa = PBXBuildFile; fileRef = 53E9690A2C9E30990018CAA6 /* PontoAppUITests.swift */; };
		53E9690D2C9E30990018CAA6 /* PontoAppUITestsLaunchTests.swift in Sources */ = {isa = PBXBuildFile; fileRef = 53E9690C2C9E30990018CAA6 /* PontoAppUITestsLaunchTests.swift */; };
/* End PBXBuildFile section */

/* Begin PBXContainerItemProxy section */
		53E968FD2C9E30990018CAA6 /* PBXContainerItemProxy */ = {
			isa = PBXContainerItemProxy;
			containerPortal = 53E968E42C9E30970018CAA6 /* Project object */;
			proxyType = 1;
			remoteGlobalIDString = 53E968EB2C9E30970018CAA6;
			remoteInfo = PontoApp;
		};
		53E969072C9E30990018CAA6 /* PBXContainerItemProxy */ = {
			isa = PBXContainerItemProxy;
			containerPortal = 53E968E42C9E30970018CAA6 /* Project object */;
			proxyType = 1;
			remoteGlobalIDString = 53E968EB2C9E30970018CAA6;
			remoteInfo = PontoApp;
		};
/* End PBXContainerItemProxy section */

/* Begin PBXFileReference section */
		53E968EC2C9E30970018CAA6 /* PontoApp.app */ = {isa = PBXFileReference; explicitFileType = wrapper.application; includeInIndex = 0; path = PontoApp.app; sourceTree = BUILT_PRODUCTS_DIR; };
		53E968EF2C9E30970018CAA6 /* PontoAppApp.swift */ = {isa = PBXFileReference; lastKnownFileType = sourcecode.swift; path = PontoAppApp.swift; sourceTree = "<group>"; };
		53E968F12C9E30970018CAA6 /* ContentView.swift */ = {isa = PBXFileReference; lastKnownFileType = sourcecode.swift; path = ContentView.swift; sourceTree = "<group>"; };
		53E968F32C9E30990018CAA6 /* Assets.xcassets */ = {isa = PBXFileReference; lastKnownFileType = folder.assetcatalog; path = Assets.xcassets; sourceTree = "<group>"; };
		53E968F62C9E30990018CAA6 /* Preview Assets.xcassets */ = {isa = PBXFileReference; lastKnownFileType = folder.assetcatalog; path = "Preview Assets.xcassets"; sourceTree = "<group>"; };
		53E968FC2C9E30990018CAA6 /* PontoAppTests.xctest */ = {isa = PBXFileReference; explicitFileType = wrapper.cfbundle; includeInIndex = 0; path = PontoAppTests.xctest; sourceTree = BUILT_PRODUCTS_DIR; };
		53E969002C9E30990018CAA6 /* PontoAppTests.swift */ = {isa = PBXFileReference; lastKnownFileType = sourcecode.swift; path = PontoAppTests.swift; sourceTree = "<group>"; };
		53E969062C9E30990018CAA6 /* PontoAppUITests.xctest */ = {isa = PBXFileReference; explicitFileType = wrapper.cfbundle; includeInIndex = 0; path = PontoAppUITests.xctest; sourceTree = BUILT_PRODUCTS_DIR; };
		53E9690A2C9E30990018CAA6 /* PontoAppUITests.swift */ = {isa = PBXFileReference; lastKnownFileType = sourcecode.swift; path = PontoAppUITests.swift; sourceTree = "<group>"; };
		53E9690C2C9E30990018CAA6 /* PontoAppUITestsLaunchTests.swift */ = {isa = PBXFileReference; lastKnownFileType = sourcecode.swift; path = PontoAppUITestsLaunchTests.swift; sourceTree = "<group>"; };
/* End PBXFileReference section */

/* Begin PBXFrameworksBuildPhase section */
		53E968E92C9E30970018CAA6 /* Frameworks */ = {
			isa = PBXFrameworksBuildPhase;
			buildActionMask = 2147483647;
			files = (
			);
			runOnlyForDeploymentPostprocessing = 0;
		};
		53E968F92C9E30990018CAA6 /* Frameworks */ = {
			isa = PBXFrameworksBuildPhase;
			buildActionMask = 2147483647;
			files = (
			);
			runOnlyForDeploymentPostprocessing = 0;
		};
		53E969032C9E30990018CAA6 /* Frameworks */ = {
			isa = PBXFrameworksBuildPhase;
			buildActionMask = 2147483647;
			files = (
			);
			runOnlyForDeploymentPostprocessing = 0;
		};
/* End PBXFrameworksBuildPhase section */

/* Begin PBXGroup section */
		53E968E32C9E30970018CAA6 = {
			isa = PBXGroup;
			children = (
				53E968EE2C9E30970018CAA6 /* PontoApp */,
				53E968FF2C9E30990018CAA6 /* PontoAppTests */,
				53E969092C9E30990018CAA6 /* PontoAppUITests */,
				53E968ED2C9E30970018CAA6 /* Products */,
			);
			sourceTree = "<group>";
		};
		53E968ED2C9E30970018CAA6 /* Products */ = {
			isa = PBXGroup;
			children = (
				53E968EC2C9E30970018CAA6 /* PontoApp.app */,
				53E968FC2C9E30990018CAA6 /* PontoAppTests.xctest */,
				53E969062C9E30990018CAA6 /* PontoAppUITests.xctest */,
			);
			name = Products;
			sourceTree = "<group>";
		};
		53E968EE2C9E30970018CAA6 /* PontoApp */ = {
			isa = PBXGroup;
			children = (
				53E968EF2C9E30970018CAA6 /* PontoAppApp.swift */,
				53E968F12C9E30970018CAA6 /* ContentView.swift */,
				53E968F32C9E30990018CAA6 /* Assets.xcassets */,
				53E968F52C9E30990018CAA6 /* Preview Content */,
			);
			path = PontoApp;
			sourceTree = "<group>";
		};
		53E968F52C9E30990018CAA6 /* Preview Content */ = {
			isa = PBXGroup;
			children = (
				53E968F62C9E30990018CAA6 /* Preview Assets.xcassets */,
			);
			path = "Preview Content";
			sourceTree = "<group>";
		};
		53E968FF2C9E30990018CAA6 /* PontoAppTests */ = {
			isa = PBXGroup;
			children = (
				53E969002C9E30990018CAA6 /* PontoAppTests.swift */,
			);
			path = PontoAppTests;
			sourceTree = "<group>";
		};
		53E969092C9E30990018CAA6 /* PontoAppUITests */ = {
			isa = PBXGroup;
			children = (
				53E9690A2C9E30990018CAA6 /* PontoAppUITests.swift */,
				53E9690C2C9E30990018CAA6 /* PontoAppUITestsLaunchTests.swift */,
			);
			path = PontoAppUITests;
			sourceTree = "<group>";
		};
/* End PBXGroup section */

/* Begin PBXNativeTarget section */
		53E968EB2C9E30970018CAA6 /* PontoApp */ = {
			isa = PBXNativeTarget;
			buildConfigurationList = 53E969102C9E30990018CAA6 /* Build configuration list for PBXNativeTarget "PontoApp" */;
			buildPhases = (
				53E968E82C9E30970018CAA6 /* Sources */,
				53E968E92C9E30970018CAA6 /* Frameworks */,
				53E968EA2C9E30970018CAA6 /* Resources */,
			);
			buildRules = (
			);
			dependencies = (
			);
			name = PontoApp;
			productName = PontoApp;
			productReference = 53E968EC2C9E30970018CAA6 /* PontoApp.app */;
			productType = "com.apple.product-type.application";
		};
		53E968FB2C9E30990018CAA6 /* PontoAppTests */ = {
			isa = PBXNativeTarget;
			buildConfigurationList = 53E969132C9E30990018CAA6 /* Build configuration list for PBXNativeTarget "PontoAppTests" */;
			buildPhases = (
				53E968F82C9E30990018CAA6 /* Sources */,
				53E968F92C9E30990018CAA6 /* Frameworks */,
				53E968FA2C9E30990018CAA6 /* Resources */,
			);
			buildRules = (
			);
			dependencies = (
				53E968FE2C9E30990018CAA6 /* PBXTargetDependency */,
			);
			name = PontoAppTests;
			productName = PontoAppTests;
			productReference = 53E968FC2C9E30990018CAA6 /* PontoAppTests.xctest */;
			productType = "com.apple.product-type.bundle.unit-test";
		};
		53E969052C9E30990018CAA6 /* PontoAppUITests */ = {
			isa = PBXNativeTarget;
			buildConfigurationList = 53E969162C9E30990018CAA6 /* Build configuration list for PBXNativeTarget "PontoAppUITests" */;
			buildPhases = (
				53E969022C9E30990018CAA6 /* Sources */,
				53E969032C9E30990018CAA6 /* Frameworks */,
				53E969042C9E30990018CAA6 /* Resources */,
			);
			buildRules = (
			);
			dependencies = (
				53E969082C9E30990018CAA6 /* PBXTargetDependency */,
			);
			name = PontoAppUITests;
			productName = PontoAppUITests;
			productReference = 53E969062C9E30990018CAA6 /* PontoAppUITests.xctest */;
			productType = "com.apple.product-type.bundle.ui-testing";
		};
/* End PBXNativeTarget section */

/* Begin PBXProject section */
		53E968E42C9E30970018CAA6 /* Project object */ = {
			isa = PBXProject;
			attributes = {
				BuildIndependentTargetsInParallel = 1;
				LastSwiftUpdateCheck = 1540;
				LastUpgradeCheck = 1540;
				TargetAttributes = {
					53E968EB2C9E30970018CAA6 = {
						CreatedOnToolsVersion = 15.4;
					};
					53E968FB2C9E30990018CAA6 = {
						CreatedOnToolsVersion = 15.4;
						TestTargetID = 53E968EB2C9E30970018CAA6;
					};
					53E969052C9E30990018CAA6 = {
						CreatedOnToolsVersion = 15.4;
						TestTargetID = 53E968EB2C9E30970018CAA6;
					};
				};
			};
			buildConfigurationList = 53E968E72C9E30970018CAA6 /* Build configuration list for PBXProject "PontoApp" */;
			compatibilityVersion = "Xcode 14.0";
			developmentRegion = en;
			hasScannedForEncodings = 0;
			knownRegions = (
				en,
				Base,
			);
			mainGroup = 53E968E32C9E30970018CAA6;
			productRefGroup = 53E968ED2C9E30970018CAA6 /* Products */;
			projectDirPath = "";
			projectRoot = "";
			targets = (
				53E968EB2C9E30970018CAA6 /* PontoApp */,
				53E968FB2C9E30990018CAA6 /* PontoAppTests */,
				53E969052C9E30990018CAA6 /* PontoAppUITests */,
			);
		};
/* End PBXProject section */

/* Begin PBXResourcesBuildPhase section */
		53E968EA2C9E30970018CAA6 /* Resources */ = {
			isa = PBXResourcesBuildPhase;
			buildActionMask = 2147483647;
			files = (
				53E968F72C9E30990018CAA6 /* Preview Assets.xcassets in Resources */,
				53E968F42C9E30990018CAA6 /* Assets.xcassets in Resources */,
			);
			runOnlyForDeploymentPostprocessing = 0;
		};
		53E968FA2C9E30990018CAA6 /* Resources */ = {
			isa = PBXResourcesBuildPhase;
			buildActionMask = 2147483647;
			files = (
			);
			runOnlyForDeploymentPostprocessing = 0;
		};
		53E969042C9E30990018CAA6 /* Resources */ = {
			isa = PBXResourcesBuildPhase;
			buildActionMask = 2147483647;
			files = (
			);
			runOnlyForDeploymentPostprocessing = 0;
		};
/* End PBXResourcesBuildPhase section */

/* Begin PBXSourcesBuildPhase section */
		53E968E82C9E30970018CAA6 /* Sources */ = {
			isa = PBXSourcesBuildPhase;
			buildActionMask = 2147483647;
			files = (
				53E968F22C9E30970018CAA6 /* ContentView.swift in Sources */,
				53E968F02C9E30970018CAA6 /* PontoAppApp.swift in Sources */,
			);
			runOnlyForDeploymentPostprocessing = 0;
		};
		53E968F82C9E30990018CAA6 /* Sources */ = {
			isa = PBXSourcesBuildPhase;
			buildActionMask = 2147483647;
			files = (
				53E969012C9E30990018CAA6 /* PontoAppTests.swift in Sources */,
			);
			runOnlyForDeploymentPostprocessing = 0;
		};
		53E969022C9E30990018CAA6 /* Sources */ = {
			isa = PBXSourcesBuildPhase;
			buildActionMask = 2147483647;
			files = (
				53E9690D2C9E30990018CAA6 /* PontoAppUITestsLaunchTests.swift in Sources */,
				53E9690B2C9E30990018CAA6 /* PontoAppUITests.swift in Sources */,
			);
			runOnlyForDeploymentPostprocessing = 0;
		};
/* End PBXSourcesBuildPhase section */

/* Begin PBXTargetDependency section */
		53E968FE2C9E30990018CAA6 /* PBXTargetDependency */ = {
			isa = PBXTargetDependency;
			target = 53E968EB2C9E30970018CAA6 /* PontoApp */;
			targetProxy = 53E968FD2C9E30990018CAA6 /* PBXContainerItemProxy */;
		};
		53E969082C9E30990018CAA6 /* PBXTargetDependency */ = {
			isa = PBXTargetDependency;
			target = 53E968EB2C9E30970018CAA6 /* PontoApp */;
			targetProxy = 53E969072C9E30990018CAA6 /* PBXContainerItemProxy */;
		};
/* End PBXTargetDependency section */

/* Begin XCBuildConfiguration section */
		53E9690E2C9E30990018CAA6 /* Debug */ = {
			isa = XCBuildConfiguration;
			buildSettings = {
				ALWAYS_SEARCH_USER_PATHS = NO;
				ASSETCATALOG_COMPILER_GENERATE_SWIFT_ASSET_SYMBOL_EXTENSIONS = YES;
				CLANG_ANALYZER_NONNULL = YES;
				CLANG_ANALYZER_NUMBER_OBJECT_CONVERSION = YES_AGGRESSIVE;
				CLANG_CXX_LANGUAGE_STANDARD = "gnu++20";
				CLANG_ENABLE_MODULES = YES;
				CLANG_ENABLE_OBJC_ARC = YES;
				CLANG_ENABLE_OBJC_WEAK = YES;
				CLANG_WARN_BLOCK_CAPTURE_AUTORELEASING = YES;
				CLANG_WARN_BOOL_CONVERSION = YES;
				CLANG_WARN_COMMA = YES;
				CLANG_WARN_CONSTANT_CONVERSION = YES;
				CLANG_WARN_DEPRECATED_OBJC_IMPLEMENTATIONS = YES;
				CLANG_WARN_DIRECT_OBJC_ISA_USAGE = YES_ERROR;
				CLANG_WARN_DOCUMENTATION_COMMENTS = YES;
				CLANG_WARN_EMPTY_BODY = YES;
				CLANG_WARN_ENUM_CONVERSION = YES;
				CLANG_WARN_INFINITE_RECURSION = YES;
				CLANG_WARN_INT_CONVERSION = YES;
				CLANG_WARN_NON_LITERAL_NULL_CONVERSION = YES;
				CLANG_WARN_OBJC_IMPLICIT_RETAIN_SELF = YES;
				CLANG_WARN_OBJC_LITERAL_CONVERSION = YES;
				CLANG_WARN_OBJC_ROOT_CLASS = YES_ERROR;
				CLANG_WARN_QUOTED_INCLUDE_IN_FRAMEWORK_HEADER = YES;
				CLANG_WARN_RANGE_LOOP_ANALYSIS = YES;
				CLANG_WARN_STRICT_PROTOTYPES = YES;
				CLANG_WARN_SUSPICIOUS_MOVE = YES;
				CLANG_WARN_UNGUARDED_AVAILABILITY = YES_AGGRESSIVE;
				CLANG_WARN_UNREACHABLE_CODE = YES;
				CLANG_WARN__DUPLICATE_METHOD_MATCH = YES;
				COPY_PHASE_STRIP = NO;
				DEBUG_INFORMATION_FORMAT = dwarf;
				ENABLE_STRICT_OBJC_MSGSEND = YES;
				ENABLE_TESTABILITY = YES;
				ENABLE_USER_SCRIPT_SANDBOXING = YES;
				GCC_C_LANGUAGE_STANDARD = gnu17;
				GCC_DYNAMIC_NO_PIC = NO;
				GCC_NO_COMMON_BLOCKS = YES;
				GCC_OPTIMIZATION_LEVEL = 0;
				GCC_PREPROCESSOR_DEFINITIONS = (
					"DEBUG=1",
					"$(inherited)",
				);
				GCC_WARN_64_TO_32_BIT_CONVERSION = YES;
				GCC_WARN_ABOUT_RETURN_TYPE = YES_ERROR;
				GCC_WARN_UNDECLARED_SELECTOR = YES;
				GCC_WARN_UNINITIALIZED_AUTOS = YES_AGGRESSIVE;
				GCC_WARN_UNUSED_FUNCTION = YES;
				GCC_WARN_UNUSED_VARIABLE = YES;
				IPHONEOS_DEPLOYMENT_TARGET = 17.5;
				LOCALIZATION_PREFERS_STRING_CATALOGS = YES;
				MTL_ENABLE_DEBUG_INFO = INCLUDE_SOURCE;
				MTL_FAST_MATH = YES;
				ONLY_ACTIVE_ARCH = YES;
				SDKROOT = iphoneos;
				SWIFT_ACTIVE_COMPILATION_CONDITIONS = "DEBUG $(inherited)";
				SWIFT_OPTIMIZATION_LEVEL = "-Onone";
			};
			name = Debug;
		};
		53E9690F2C9E30990018CAA6 /* Release */ = {
			isa = XCBuildConfiguration;
			buildSettings = {
				ALWAYS_SEARCH_USER_PATHS = NO;
				ASSETCATALOG_COMPILER_GENERATE_SWIFT_ASSET_SYMBOL_EXTENSIONS = YES;
				CLANG_ANALYZER_NONNULL = YES;
				CLANG_ANALYZER_NUMBER_OBJECT_CONVERSION = YES_AGGRESSIVE;
				CLANG_CXX_LANGUAGE_STANDARD = "gnu++20";
				CLANG_ENABLE_MODULES = YES;
				CLANG_ENABLE_OBJC_ARC = YES;
				CLANG_ENABLE_OBJC_WEAK = YES;
				CLANG_WARN_BLOCK_CAPTURE_AUTORELEASING = YES;
				CLANG_WARN_BOOL_CONVERSION = YES;
				CLANG_WARN_COMMA = YES;
				CLANG_WARN_CONSTANT_CONVERSION = YES;
				CLANG_WARN_DEPRECATED_OBJC_IMPLEMENTATIONS = YES;
				CLANG_WARN_DIRECT_OBJC_ISA_USAGE = YES_ERROR;
				CLANG_WARN_DOCUMENTATION_COMMENTS = YES;
				CLANG_WARN_EMPTY_BODY = YES;
				CLANG_WARN_ENUM_CONVERSION = YES;
				CLANG_WARN_INFINITE_RECURSION = YES;
				CLANG_WARN_INT_CONVERSION = YES;
				CLANG_WARN_NON_LITERAL_NULL_CONVERSION = YES;
				CLANG_WARN_OBJC_IMPLICIT_RETAIN_SELF = YES;
				CLANG_WARN_OBJC_LITERAL_CONVERSION = YES;
				CLANG_WARN_OBJC_ROOT_CLASS = YES_ERROR;
				CLANG_WARN_QUOTED_INCLUDE_IN_FRAMEWORK_HEADER = YES;
				CLANG_WARN_RANGE_LOOP_ANALYSIS = YES;
				CLANG_WARN_STRICT_PROTOTYPES = YES;
				CLANG_WARN_SUSPICIOUS_MOVE = YES;
				CLANG_WARN_UNGUARDED_AVAILABILITY = YES_AGGRESSIVE;
				CLANG_WARN_UNREACHABLE_CODE = YES;
				CLANG_WARN__DUPLICATE_METHOD_MATCH = YES;
				COPY_PHASE_STRIP = NO;
				DEBUG_INFORMATION_FORMAT = "dwarf-with-dsym";
				ENABLE_NS_ASSERTIONS = NO;
				ENABLE_STRICT_OBJC_MSGSEND = YES;
				ENABLE_USER_SCRIPT_SANDBOXING = YES;
				GCC_C_LANGUAGE_STANDARD = gnu17;
				GCC_NO_COMMON_BLOCKS = YES;
				GCC_WARN_64_TO_32_BIT_CONVERSION = YES;
				GCC_WARN_ABOUT_RETURN_TYPE = YES_ERROR;
				GCC_WARN_UNDECLARED_SELECTOR = YES;
				GCC_WARN_UNINITIALIZED_AUTOS = YES_AGGRESSIVE;
				GCC_WARN_UNUSED_FUNCTION = YES;
				GCC_WARN_UNUSED_VARIABLE = YES;
				IPHONEOS_DEPLOYMENT_TARGET = 17.5;
				LOCALIZATION_PREFERS_STRING_CATALOGS = YES;
				MTL_ENABLE_DEBUG_INFO = NO;
				MTL_FAST_MATH = YES;
				SDKROOT = iphoneos;
				SWIFT_COMPILATION_MODE = wholemodule;
				VALIDATE_PRODUCT = YES;
			};
			name = Release;
		};
		53E969112C9E30990018CAA6 /* Debug */ = {
			isa = XCBuildConfiguration;
			buildSettings = {
				ASSETCATALOG_COMPILER_APPICON_NAME = AppIcon;
				ASSETCATALOG_COMPILER_GLOBAL_ACCENT_COLOR_NAME = AccentColor;
				CODE_SIGN_STYLE = Automatic;
				CURRENT_PROJECT_VERSION = 1;
				DEVELOPMENT_ASSET_PATHS = "\"PontoApp/Preview Content\"";
				DEVELOPMENT_TEAM = BAFB3SW982;
				ENABLE_PREVIEWS = YES;
				GENERATE_INFOPLIST_FILE = YES;
				INFOPLIST_KEY_UIApplicationSceneManifest_Generation = YES;
				INFOPLIST_KEY_UIApplicationSupportsIndirectInputEvents = YES;
				INFOPLIST_KEY_UILaunchScreen_Generation = YES;
				INFOPLIST_KEY_UISupportedInterfaceOrientations_iPad = "UIInterfaceOrientationPortrait UIInterfaceOrientationPortraitUpsideDown UIInterfaceOrientationLandscapeLeft UIInterfaceOrientationLandscapeRight";
				INFOPLIST_KEY_UISupportedInterfaceOrientations_iPhone = "UIInterfaceOrientationPortrait UIInterfaceOrientationLandscapeLeft UIInterfaceOrientationLandscapeRight";
				LD_RUNPATH_SEARCH_PATHS = (
					"$(inherited)",
					"@executable_path/Frameworks",
				);
				MARKETING_VERSION = 1.0;
				PRODUCT_BUNDLE_IDENTIFIER = igorbfranco.PontoApp;
				PRODUCT_NAME = "$(TARGET_NAME)";
				SWIFT_EMIT_LOC_STRINGS = YES;
				SWIFT_VERSION = 5.0;
				TARGETED_DEVICE_FAMILY = "1,2";
			};
			name = Debug;
		};
		53E969122C9E30990018CAA6 /* Release */ = {
			isa = XCBuildConfiguration;
			buildSettings = {
				ASSETCATALOG_COMPILER_APPICON_NAME = AppIcon;
				ASSETCATALOG_COMPILER_GLOBAL_ACCENT_COLOR_NAME = AccentColor;
				CODE_SIGN_STYLE = Automatic;
				CURRENT_PROJECT_VERSION = 1;
				DEVELOPMENT_ASSET_PATHS = "\"PontoApp/Preview Content\"";
				DEVELOPMENT_TEAM = BAFB3SW982;
				ENABLE_PREVIEWS = YES;
				GENERATE_INFOPLIST_FILE = YES;
				INFOPLIST_KEY_UIApplicationSceneManifest_Generation = YES;
				INFOPLIST_KEY_UIApplicationSupportsIndirectInputEvents = YES;
				INFOPLIST_KEY_UILaunchScreen_Generation = YES;
				INFOPLIST_KEY_UISupportedInterfaceOrientations_iPad = "UIInterfaceOrientationPortrait UIInterfaceOrientationPortraitUpsideDown UIInterfaceOrientationLandscapeLeft UIInterfaceOrientationLandscapeRight";
				INFOPLIST_KEY_UISupportedInterfaceOrientations_iPhone = "UIInterfaceOrientationPortrait UIInterfaceOrientationLandscapeLeft UIInterfaceOrientationLandscapeRight";
				LD_RUNPATH_SEARCH_PATHS = (
					"$(inherited)",
					"@executable_path/Frameworks",
				);
				MARKETING_VERSION = 1.0;
				PRODUCT_BUNDLE_IDENTIFIER = igorbfranco.PontoApp;
				PRODUCT_NAME = "$(TARGET_NAME)";
				SWIFT_EMIT_LOC_STRINGS = YES;
				SWIFT_VERSION = 5.0;
				TARGETED_DEVICE_FAMILY = "1,2";
			};
			name = Release;
		};
		53E969142C9E30990018CAA6 /* Debug */ = {
			isa = XCBuildConfiguration;
			buildSettings = {
				ALWAYS_EMBED_SWIFT_STANDARD_LIBRARIES = YES;
				BUNDLE_LOADER = "$(TEST_HOST)";
				CODE_SIGN_STYLE = Automatic;
				CURRENT_PROJECT_VERSION = 1;
				DEVELOPMENT_TEAM = BAFB3SW982;
				GENERATE_INFOPLIST_FILE = YES;
				IPHONEOS_DEPLOYMENT_TARGET = 17.5;
				MARKETING_VERSION = 1.0;
				PRODUCT_BUNDLE_IDENTIFIER = igorbfranco.PontoAppTests;
				PRODUCT_NAME = "$(TARGET_NAME)";
				SWIFT_EMIT_LOC_STRINGS = NO;
				SWIFT_VERSION = 5.0;
				TARGETED_DEVICE_FAMILY = "1,2";
				TEST_HOST = "$(BUILT_PRODUCTS_DIR)/PontoApp.app/$(BUNDLE_EXECUTABLE_FOLDER_PATH)/PontoApp";
			};
			name = Debug;
		};
		53E969152C9E30990018CAA6 /* Release */ = {
			isa = XCBuildConfiguration;
			buildSettings = {
				ALWAYS_EMBED_SWIFT_STANDARD_LIBRARIES = YES;
				BUNDLE_LOADER = "$(TEST_HOST)";
				CODE_SIGN_STYLE = Automatic;
				CURRENT_PROJECT_VERSION = 1;
				DEVELOPMENT_TEAM = BAFB3SW982;
				GENERATE_INFOPLIST_FILE = YES;
				IPHONEOS_DEPLOYMENT_TARGET = 17.5;
				MARKETING_VERSION = 1.0;
				PRODUCT_BUNDLE_IDENTIFIER = igorbfranco.PontoAppTests;
				PRODUCT_NAME = "$(TARGET_NAME)";
				SWIFT_EMIT_LOC_STRINGS = NO;
				SWIFT_VERSION = 5.0;
				TARGETED_DEVICE_FAMILY = "1,2";
				TEST_HOST = "$(BUILT_PRODUCTS_DIR)/PontoApp.app/$(BUNDLE_EXECUTABLE_FOLDER_PATH)/PontoApp";
			};
			name = Release;
		};
		53E969172C9E30990018CAA6 /* Debug */ = {
			isa = XCBuildConfiguration;
			buildSettings = {
				ALWAYS_EMBED_SWIFT_STANDARD_LIBRARIES = YES;
				CODE_SIGN_STYLE = Automatic;
				CURRENT_PROJECT_VERSION = 1;
				DEVELOPMENT_TEAM = BAFB3SW982;
				GENERATE_INFOPLIST_FILE = YES;
				MARKETING_VERSION = 1.0;
				PRODUCT_BUNDLE_IDENTIFIER = igorbfranco.PontoAppUITests;
				PRODUCT_NAME = "$(TARGET_NAME)";
				SWIFT_EMIT_LOC_STRINGS = NO;
				SWIFT_VERSION = 5.0;
				TARGETED_DEVICE_FAMILY = "1,2";
				TEST_TARGET_NAME = PontoApp;
			};
			name = Debug;
		};
		53E969182C9E30990018CAA6 /* Release */ = {
			isa = XCBuildConfiguration;
			buildSettings = {
				ALWAYS_EMBED_SWIFT_STANDARD_LIBRARIES = YES;
				CODE_SIGN_STYLE = Automatic;
				CURRENT_PROJECT_VERSION = 1;
				DEVELOPMENT_TEAM = BAFB3SW982;
				GENERATE_INFOPLIST_FILE = YES;
				MARKETING_VERSION = 1.0;
				PRODUCT_BUNDLE_IDENTIFIER = igorbfranco.PontoAppUITests;
				PRODUCT_NAME = "$(TARGET_NAME)";
				SWIFT_EMIT_LOC_STRINGS = NO;
				SWIFT_VERSION = 5.0;
				TARGETED_DEVICE_FAMILY = "1,2";
				TEST_TARGET_NAME = PontoApp;
			};
			name = Release;
		};
/* End XCBuildConfiguration section */

/* Begin XCConfigurationList section */
		53E968E72C9E30970018CAA6 /* Build configuration list for PBXProject "PontoApp" */ = {
			isa = XCConfigurationList;
			buildConfigurations = (
				53E9690E2C9E30990018CAA6 /* Debug */,
				53E9690F2C9E30990018CAA6 /* Release */,
			);
			defaultConfigurationIsVisible = 0;
			defaultConfigurationName = Release;
		};
		53E969102C9E30990018CAA6 /* Build configuration list for PBXNativeTarget "PontoApp" */ = {
			isa = XCConfigurationList;
			buildConfigurations = (
				53E969112C9E30990018CAA6 /* Debug */,
				53E969122C9E30990018CAA6 /* Release */,
			);
			defaultConfigurationIsVisible = 0;
			defaultConfigurationName = Release;
		};
		53E969132C9E30990018CAA6 /* Build configuration list for PBXNativeTarget "PontoAppTests" */ = {
			isa = XCConfigurationList;
			buildConfigurations = (
				53E969142C9E30990018CAA6 /* Debug */,
				53E969152C9E30990018CAA6 /* Release */,
			);
			defaultConfigurationIsVisible = 0;
			defaultConfigurationName = Release;
		};
		53E969162C9E30990018CAA6 /* Build configuration list for PBXNativeTarget "PontoAppUITests" */ = {
			isa = XCConfigurationList;
			buildConfigurations = (
				53E969172C9E30990018CAA6 /* Debug */,
				53E969182C9E30990018CAA6 /* Release */,
			);
			defaultConfigurationIsVisible = 0;
			defaultConfigurationName = Release;
		};
/* End XCConfigurationList section */
	};
	rootObject = 53E968E42C9E30970018CAA6 /* Project object */;
}
